{
  "version": 4,
  "terraform_version": "1.3.7",
  "serial": 48,
  "lineage": "d0d2ddce-55bc-42ae-75ff-4dd1317efc3c",
  "outputs": {},
  "resources": [
    {
      "mode": "data",
      "type": "aws_subnet",
      "name": "subnet-1",
      "provider": "provider[\"registry.terraform.io/hashicorp/aws\"]",
      "instances": [
        {
          "schema_version": 0,
          "attributes": {
            "arn": "arn:aws:ec2:us-east-1:439903384763:subnet/subnet-06e72e051f2b1d0fb",
            "assign_ipv6_address_on_creation": false,
            "availability_zone": "us-east-1a",
            "availability_zone_id": "use1-az1",
            "available_ip_address_count": 4091,
            "cidr_block": "10.0.128.0/20",
            "customer_owned_ipv4_pool": "",
            "default_for_az": false,
            "enable_dns64": false,
            "enable_lni_at_device_index": 0,
            "enable_resource_name_dns_a_record_on_launch": false,
            "enable_resource_name_dns_aaaa_record_on_launch": false,
            "filter": null,
            "id": "subnet-06e72e051f2b1d0fb",
            "ipv6_cidr_block": "",
            "ipv6_cidr_block_association_id": "",
            "ipv6_native": false,
            "map_customer_owned_ip_on_launch": false,
            "map_public_ip_on_launch": false,
            "outpost_arn": "",
            "owner_id": "439903384763",
            "private_dns_hostname_type_on_launch": "ip-name",
            "state": "available",
            "tags": {
              "Name": "project-subnet-private1-us-east-1a"
            },
            "timeouts": null,
            "vpc_id": "vpc-00a4206427a24b64b"
          },
          "sensitive_attributes": []
        }
      ]
    },
    {
      "mode": "data",
      "type": "aws_subnet",
      "name": "subnet-2",
      "provider": "provider[\"registry.terraform.io/hashicorp/aws\"]",
      "instances": [
        {
          "schema_version": 0,
          "attributes": {
            "arn": "arn:aws:ec2:us-east-1:439903384763:subnet/subnet-0033c9900b2306718",
            "assign_ipv6_address_on_creation": false,
            "availability_zone": "us-east-1b",
            "availability_zone_id": "use1-az2",
            "available_ip_address_count": 4091,
            "cidr_block": "10.0.144.0/20",
            "customer_owned_ipv4_pool": "",
            "default_for_az": false,
            "enable_dns64": false,
            "enable_lni_at_device_index": 0,
            "enable_resource_name_dns_a_record_on_launch": false,
            "enable_resource_name_dns_aaaa_record_on_launch": false,
            "filter": null,
            "id": "subnet-0033c9900b2306718",
            "ipv6_cidr_block": "",
            "ipv6_cidr_block_association_id": "",
            "ipv6_native": false,
            "map_customer_owned_ip_on_launch": false,
            "map_public_ip_on_launch": false,
            "outpost_arn": "",
            "owner_id": "439903384763",
            "private_dns_hostname_type_on_launch": "ip-name",
            "state": "available",
            "tags": {
              "Name": "project-subnet-private2-us-east-1b"
            },
            "timeouts": null,
            "vpc_id": "vpc-00a4206427a24b64b"
          },
          "sensitive_attributes": []
        }
      ]
    },
    {
      "mode": "managed",
      "type": "aws_efs_file_system",
      "name": "filesystem-1",
      "provider": "provider[\"registry.terraform.io/hashicorp/aws\"]",
      "instances": [
        {
          "schema_version": 0,
          "attributes": {
            "arn": "arn:aws:elasticfilesystem:us-east-1:439903384763:file-system/fs-08f529af58e60d0d1",
            "availability_zone_id": "",
            "availability_zone_name": "",
            "creation_token": "filesystem-1",
            "dns_name": "fs-08f529af58e60d0d1.efs.us-east-1.amazonaws.com",
            "encrypted": false,
            "id": "fs-08f529af58e60d0d1",
            "kms_key_id": "",
            "lifecycle_policy": [],
            "name": "filesystem-1",
            "number_of_mount_targets": 0,
            "owner_id": "439903384763",
            "performance_mode": "generalPurpose",
            "protection": [
              {
                "replication_overwrite": "ENABLED"
              }
            ],
            "provisioned_throughput_in_mibps": 0,
            "size_in_bytes": [
              {
                "value": 6144,
                "value_in_ia": 0,
                "value_in_standard": 6144
              }
            ],
            "tags": {
              "Name": "filesystem-1"
            },
            "tags_all": {
              "Name": "filesystem-1"
            },
            "throughput_mode": "bursting"
          },
          "sensitive_attributes": [],
          "private": "bnVsbA=="
        }
      ]
    },
    {
      "mode": "managed",
      "type": "aws_efs_mount_target",
      "name": "filesystem-1-target",
      "provider": "provider[\"registry.terraform.io/hashicorp/aws\"]",
      "instances": [
        {
          "schema_version": 0,
          "attributes": {
            "availability_zone_id": "use1-az1",
            "availability_zone_name": "us-east-1a",
            "dns_name": "fs-08f529af58e60d0d1.efs.us-east-1.amazonaws.com",
            "file_system_arn": "arn:aws:elasticfilesystem:us-east-1:439903384763:file-system/fs-08f529af58e60d0d1",
            "file_system_id": "fs-08f529af58e60d0d1",
            "id": "fsmt-0b815d17dd7856b5f",
            "ip_address": "10.0.132.46",
            "mount_target_dns_name": "us-east-1a.fs-08f529af58e60d0d1.efs.us-east-1.amazonaws.com",
            "network_interface_id": "eni-022eaf11666db22ed",
            "owner_id": "439903384763",
            "security_groups": [
              "sg-094e2b5b187c192ba"
            ],
            "subnet_id": "subnet-06e72e051f2b1d0fb",
            "timeouts": null
          },
          "sensitive_attributes": [],
          "private": "eyJlMmJmYjczMC1lY2FhLTExZTYtOGY4OC0zNDM2M2JjN2M0YzAiOnsiY3JlYXRlIjoxODAwMDAwMDAwMDAwLCJkZWxldGUiOjYwMDAwMDAwMDAwMH19",
          "dependencies": [
            "aws_efs_file_system.filesystem-1",
            "data.aws_subnet.subnet-1"
          ]
        }
      ]
    },
    {
      "mode": "managed",
      "type": "aws_efs_mount_target",
      "name": "filesystem-2-target",
      "provider": "provider[\"registry.terraform.io/hashicorp/aws\"]",
      "instances": [
        {
          "schema_version": 0,
          "attributes": {
            "availability_zone_id": "use1-az2",
            "availability_zone_name": "us-east-1b",
            "dns_name": "fs-08f529af58e60d0d1.efs.us-east-1.amazonaws.com",
            "file_system_arn": "arn:aws:elasticfilesystem:us-east-1:439903384763:file-system/fs-08f529af58e60d0d1",
            "file_system_id": "fs-08f529af58e60d0d1",
            "id": "fsmt-0e920a8ebc029ba70",
            "ip_address": "10.0.158.165",
            "mount_target_dns_name": "us-east-1b.fs-08f529af58e60d0d1.efs.us-east-1.amazonaws.com",
            "network_interface_id": "eni-06cf8980ce2cce341",
            "owner_id": "439903384763",
            "security_groups": [
              "sg-094e2b5b187c192ba"
            ],
            "subnet_id": "subnet-0033c9900b2306718",
            "timeouts": null
          },
          "sensitive_attributes": [],
          "private": "eyJlMmJmYjczMC1lY2FhLTExZTYtOGY4OC0zNDM2M2JjN2M0YzAiOnsiY3JlYXRlIjoxODAwMDAwMDAwMDAwLCJkZWxldGUiOjYwMDAwMDAwMDAwMH19",
          "dependencies": [
            "aws_efs_file_system.filesystem-1",
            "data.aws_subnet.subnet-2"
          ]
        }
      ]
    }
  ],
  "check_results": null
}
